// !$*UTF8*$!
{
	archiveVersion = 1;
	classes = {
	};
	objectVersion = 46;
	objects = {

/* Begin PBXBuildFile section */
		639754E81EEFF05400B6EDBB /* PlayerViewController.swift in Sources */ = {isa = PBXBuildFile; fileRef = 639754E71EEFF05400B6EDBB /* PlayerViewController.swift */; };
		639754EC1EEFF2E900B6EDBB /* CharacterCell.swift in Sources */ = {isa = PBXBuildFile; fileRef = 639754EB1EEFF2E900B6EDBB /* CharacterCell.swift */; };
		639754EE1EEFF6BA00B6EDBB /* Character.swift in Sources */ = {isa = PBXBuildFile; fileRef = 639754ED1EEFF6BA00B6EDBB /* Character.swift */; };
		639754F01EEFFE5F00B6EDBB /* PlayerDetailViewController.swift in Sources */ = {isa = PBXBuildFile; fileRef = 639754EF1EEFFE5F00B6EDBB /* PlayerDetailViewController.swift */; };
		63F6AC7A1EEFC8190016D78E /* AppDelegate.swift in Sources */ = {isa = PBXBuildFile; fileRef = 63F6AC791EEFC8190016D78E /* AppDelegate.swift */; };
		63F6AC7C1EEFC8190016D78E /* ViewController.swift in Sources */ = {isa = PBXBuildFile; fileRef = 63F6AC7B1EEFC8190016D78E /* ViewController.swift */; };
		63F6AC7F1EEFC81A0016D78E /* Main.storyboard in Resources */ = {isa = PBXBuildFile; fileRef = 63F6AC7D1EEFC8190016D78E /* Main.storyboard */; };
		63F6AC821EEFC81A0016D78E /* ProtocolsAndDelegates.xcdatamodeld in Sources */ = {isa = PBXBuildFile; fileRef = 63F6AC801EEFC81A0016D78E /* ProtocolsAndDelegates.xcdatamodeld */; };
		63F6AC841EEFC81A0016D78E /* Assets.xcassets in Resources */ = {isa = PBXBuildFile; fileRef = 63F6AC831EEFC81A0016D78E /* Assets.xcassets */; };
		63F6AC871EEFC81A0016D78E /* LaunchScreen.storyboard in Resources */ = {isa = PBXBuildFile; fileRef = 63F6AC851EEFC81A0016D78E /* LaunchScreen.storyboard */; };
/* End PBXBuildFile section */

/* Begin PBXFileReference section */
		639754E71EEFF05400B6EDBB /* PlayerViewController.swift */ = {isa = PBXFileReference; fileEncoding = 4; lastKnownFileType = sourcecode.swift; path = PlayerViewController.swift; sourceTree = "<group>"; };
		639754EB1EEFF2E900B6EDBB /* CharacterCell.swift */ = {isa = PBXFileReference; fileEncoding = 4; lastKnownFileType = sourcecode.swift; path = CharacterCell.swift; sourceTree = "<group>"; };
		639754ED1EEFF6BA00B6EDBB /* Character.swift */ = {isa = PBXFileReference; fileEncoding = 4; lastKnownFileType = sourcecode.swift; path = Character.swift; sourceTree = "<group>"; };
		639754EF1EEFFE5F00B6EDBB /* PlayerDetailViewController.swift */ = {isa = PBXFileReference; fileEncoding = 4; lastKnownFileType = sourcecode.swift; path = PlayerDetailViewController.swift; sourceTree = "<group>"; };
		63F6AC761EEFC8190016D78E /* ProtocolsAndDelegates.app */ = {isa = PBXFileReference; explicitFileType = wrapper.application; includeInIndex = 0; path = ProtocolsAndDelegates.app; sourceTree = BUILT_PRODUCTS_DIR; };
		63F6AC791EEFC8190016D78E /* AppDelegate.swift */ = {isa = PBXFileReference; lastKnownFileType = sourcecode.swift; path = AppDelegate.swift; sourceTree = "<group>"; };
		63F6AC7B1EEFC8190016D78E /* ViewController.swift */ = {isa = PBXFileReference; lastKnownFileType = sourcecode.swift; path = ViewController.swift; sourceTree = "<group>"; };
		63F6AC7E1EEFC81A0016D78E /* Base */ = {isa = PBXFileReference; lastKnownFileType = file.storyboard; name = Base; path = Base.lproj/Main.storyboard; sourceTree = "<group>"; };
		63F6AC811EEFC81A0016D78E /* ProtocolsAndDelegates.xcdatamodel */ = {isa = PBXFileReference; lastKnownFileType = wrapper.xcdatamodel; path = ProtocolsAndDelegates.xcdatamodel; sourceTree = "<group>"; };
		63F6AC831EEFC81A0016D78E /* Assets.xcassets */ = {isa = PBXFileReference; lastKnownFileType = folder.assetcatalog; path = Assets.xcassets; sourceTree = "<group>"; };
		63F6AC861EEFC81A0016D78E /* Base */ = {isa = PBXFileReference; lastKnownFileType = file.storyboard; name = Base; path = Base.lproj/LaunchScreen.storyboard; sourceTree = "<group>"; };
		63F6AC881EEFC81A0016D78E /* Info.plist */ = {isa = PBXFileReference; lastKnownFileType = text.plist.xml; path = Info.plist; sourceTree = "<group>"; };
/* End PBXFileReference section */

/* Begin PBXFrameworksBuildPhase section */
		63F6AC731EEFC8190016D78E /* Frameworks */ = {
			isa = PBXFrameworksBuildPhase;
			buildActionMask = 2147483647;
			files = (
			);
			runOnlyForDeploymentPostprocessing = 0;
		};
/* End PBXFrameworksBuildPhase section */

/* Begin PBXGroup section */
		63F6AC6D1EEFC8190016D78E = {
			isa = PBXGroup;
			children = (
				63F6AC781EEFC8190016D78E /* ProtocolsAndDelegates */,
				63F6AC771EEFC8190016D78E /* Products */,
			);
			sourceTree = "<group>";
		};
		63F6AC771EEFC8190016D78E /* Products */ = {
			isa = PBXGroup;
			children = (
				63F6AC761EEFC8190016D78E /* ProtocolsAndDelegates.app */,
			);
			name = Products;
			sourceTree = "<group>";
		};
		63F6AC781EEFC8190016D78E /* ProtocolsAndDelegates */ = {
			isa = PBXGroup;
			children = (
				63F6AC791EEFC8190016D78E /* AppDelegate.swift */,
				63F6AC7B1EEFC8190016D78E /* ViewController.swift */,
				639754ED1EEFF6BA00B6EDBB /* Character.swift */,
				639754E71EEFF05400B6EDBB /* PlayerViewController.swift */,
				639754EB1EEFF2E900B6EDBB /* CharacterCell.swift */,
				639754EF1EEFFE5F00B6EDBB /* PlayerDetailViewController.swift */,
				63F6AC7D1EEFC8190016D78E /* Main.storyboard */,
				63F6AC831EEFC81A0016D78E /* Assets.xcassets */,
				63F6AC851EEFC81A0016D78E /* LaunchScreen.storyboard */,
				63F6AC881EEFC81A0016D78E /* Info.plist */,
				63F6AC801EEFC81A0016D78E /* ProtocolsAndDelegates.xcdatamodeld */,
			);
			path = ProtocolsAndDelegates;
			sourceTree = "<group>";
		};
/* End PBXGroup section */

/* Begin PBXNativeTarget section */
		63F6AC751EEFC8190016D78E /* ProtocolsAndDelegates */ = {
			isa = PBXNativeTarget;
			buildConfigurationList = 63F6AC8B1EEFC81A0016D78E /* Build configuration list for PBXNativeTarget "ProtocolsAndDelegates" */;
			buildPhases = (
				63F6AC721EEFC8190016D78E /* Sources */,
				63F6AC731EEFC8190016D78E /* Frameworks */,
				63F6AC741EEFC8190016D78E /* Resources */,
			);
			buildRules = (
			);
			dependencies = (
			);
			name = ProtocolsAndDelegates;
			productName = ProtocolsAndDelegates;
			productReference = 63F6AC761EEFC8190016D78E /* ProtocolsAndDelegates.app */;
			productType = "com.apple.product-type.application";
		};
/* End PBXNativeTarget section */

/* Begin PBXProject section */
		63F6AC6E1EEFC8190016D78E /* Project object */ = {
			isa = PBXProject;
			attributes = {
				LastSwiftUpdateCheck = 0830;
				LastUpgradeCheck = 0830;
				ORGANIZATIONNAME = Samiksha;
				TargetAttributes = {
					63F6AC751EEFC8190016D78E = {
						CreatedOnToolsVersion = 8.3.2;
						DevelopmentTeam = RL8J62A42V;
						ProvisioningStyle = Automatic;
					};
				};
			};
			buildConfigurationList = 63F6AC711EEFC8190016D78E /* Build configuration list for PBXProject "ProtocolsAndDelegates" */;
			compatibilityVersion = "Xcode 3.2";
			developmentRegion = English;
			hasScannedForEncodings = 0;
			knownRegions = (
				en,
				Base,
			);
			mainGroup = 63F6AC6D1EEFC8190016D78E;
			productRefGroup = 63F6AC771EEFC8190016D78E /* Products */;
			projectDirPath = "";
			projectRoot = "";
			targets = (
				63F6AC751EEFC8190016D78E /* ProtocolsAndDelegates */,
			);
		};
/* End PBXProject section */

/* Begin PBXResourcesBuildPhase section */
		63F6AC741EEFC8190016D78E /* Resources */ = {
			isa = PBXResourcesBuildPhase;
			buildActionMask = 2147483647;
			files = (
				63F6AC871EEFC81A0016D78E /* LaunchScreen.storyboard in Resources */,
				63F6AC841EEFC81A0016D78E /* Assets.xcassets in Resources */,
				63F6AC7F1EEFC81A0016D78E /* Main.storyboard in Resources */,
			);
			runOnlyForDeploymentPostprocessing = 0;
		};
/* End PBXResourcesBuildPhase section */

/* Begin PBXSourcesBuildPhase section */
		63F6AC721EEFC8190016D78E /* Sources */ = {
			isa = PBXSourcesBuildPhase;
			buildActionMask = 2147483647;
			files = (
				639754EC1EEFF2E900B6EDBB /* CharacterCell.swift in Sources */,
				63F6AC821EEFC81A0016D78E /* ProtocolsAndDelegates.xcdatamodeld in Sources */,
				63F6AC7C1EEFC8190016D78E /* ViewController.swift in Sources */,
				639754F01EEFFE5F00B6EDBB /* PlayerDetailViewController.swift in Sources */,
				639754EE1EEFF6BA00B6EDBB /* Character.swift in Sources */,
				63F6AC7A1EEFC8190016D78E /* AppDelegate.swift in Sources */,
				639754E81EEFF05400B6EDBB /* PlayerViewController.swift in Sources */,
			);
			runOnlyForDeploymentPostprocessing = 0;
		};
/* End PBXSourcesBuildPhase section */

/* Begin PBXVariantGroup section */
		63F6AC7D1EEFC8190016D78E /* Main.storyboard */ = {
			isa = PBXVariantGroup;
			children = (
				63F6AC7E1EEFC81A0016D78E /* Base */,
			);
			name = Main.storyboard;
			sourceTree = "<group>";
		};
		63F6AC851EEFC81A0016D78E /* LaunchScreen.storyboard */ = {
			isa = PBXVariantGroup;
			children = (
				63F6AC861EEFC81A0016D78E /* Base */,
			);
			name = LaunchScreen.storyboard;
			sourceTree = "<group>";
		};
/* End PBXVariantGroup section */

/* Begin XCBuildConfiguration section */
		63F6AC891EEFC81A0016D78E /* Debug */ = {
			isa = XCBuildConfiguration;
			buildSettings = {
				ALWAYS_SEARCH_USER_PATHS = NO;
				CLANG_ANALYZER_NONNULL = YES;
				CLANG_ANALYZER_NUMBER_OBJECT_CONVERSION = YES_AGGRESSIVE;
				CLANG_CXX_LANGUAGE_STANDARD = "gnu++0x";
				CLANG_CXX_LIBRARY = "libc++";
				CLANG_ENABLE_MODULES = YES;
				CLANG_ENABLE_OBJC_ARC = YES;
				CLANG_WARN_BOOL_CONVERSION = YES;
				CLANG_WARN_CONSTANT_CONVERSION = YES;
				CLANG_WARN_DIRECT_OBJC_ISA_USAGE = YES_ERROR;
				CLANG_WARN_DOCUMENTATION_COMMENTS = YES;
				CLANG_WARN_EMPTY_BODY = YES;
				CLANG_WARN_ENUM_CONVERSION = YES;
				CLANG_WARN_INFINITE_RECURSION = YES;
				CLANG_WARN_INT_CONVERSION = YES;
				CLANG_WARN_OBJC_ROOT_CLASS = YES_ERROR;
				CLANG_WARN_SUSPICIOUS_MOVE = YES;
				CLANG_WARN_UNREACHABLE_CODE = YES;
				CLANG_WARN__DUPLICATE_METHOD_MATCH = YES;
				"CODE_SIGN_IDENTITY[sdk=iphoneos*]" = "iPhone Developer";
				COPY_PHASE_STRIP = NO;
				DEBUG_INFORMATION_FORMAT = dwarf;
				ENABLE_STRICT_OBJC_MSGSEND = YES;
				ENABLE_TESTABILITY = YES;
				GCC_C_LANGUAGE_STANDARD = gnu99;
				GCC_DYNAMIC_NO_PIC = NO;
				GCC_NO_COMMON_BLOCKS = YES;
				GCC_OPTIMIZATION_LEVEL = 0;
				GCC_PREPROCESSOR_DEFINITIONS = (
					"DEBUG=1",
					"$(inherited)",
				);
				GCC_WARN_64_TO_32_BIT_CONVERSION = YES;
				GCC_WARN_ABOUT_RETURN_TYPE = YES_ERROR;
				GCC_WARN_UNDECLARED_SELECTOR = YES;
				GCC_WARN_UNINITIALIZED_AUTOS = YES_AGGRESSIVE;
				GCC_WARN_UNUSED_FUNCTION = YES;
				GCC_WARN_UNUSED_VARIABLE = YES;
				IPHONEOS_DEPLOYMENT_TARGET = 10.3;
				MTL_ENABLE_DEBUG_INFO = YES;
				ONLY_ACTIVE_ARCH = YES;
				SDKROOT = iphoneos;
				SWIFT_ACTIVE_COMPILATION_CONDITIONS = DEBUG;
				SWIFT_OPTIMIZATION_LEVEL = "-Onone";
			};
			name = Debug;
		};
		63F6AC8A1EEFC81A0016D78E /* Release */ = {
			isa = XCBuildConfiguration;
			buildSettings = {
				ALWAYS_SEARCH_USER_PATHS = NO;
				CLANG_ANALYZER_NONNULL = YES;
				CLANG_ANALYZER_NUMBER_OBJECT_CONVERSION = YES_AGGRESSIVE;
				CLANG_CXX_LANGUAGE_STANDARD = "gnu++0x";
				CLANG_CXX_LIBRARY = "libc++";
				CLANG_ENABLE_MODULES = YES;
				CLANG_ENABLE_OBJC_ARC = YES;
				CLANG_WARN_BOOL_CONVERSION = YES;
				CLANG_WARN_CONSTANT_CONVERSION = YES;
				CLANG_WARN_DIRECT_OBJC_ISA_USAGE = YES_ERROR;
				CLANG_WARN_DOCUMENTATION_COMMENTS = YES;
				CLANG_WARN_EMPTY_BODY = YES;
				CLANG_WARN_ENUM_CONVERSION = YES;
				CLANG_WARN_INFINITE_RECURSION = YES;
				CLANG_WARN_INT_CONVERSION = YES;
				CLANG_WARN_OBJC_ROOT_CLASS = YES_ERROR;
				CLANG_WARN_SUSPICIOUS_MOVE = YES;
				CLANG_WARN_UNREACHABLE_CODE = YES;
				CLANG_WARN__DUPLICATE_METHOD_MATCH = YES;
				"CODE_SIGN_IDENTITY[sdk=iphoneos*]" = "iPhone Developer";
				COPY_PHASE_STRIP = NO;
				DEBUG_INFORMATION_FORMAT = "dwarf-with-dsym";
				ENABLE_NS_ASSERTIONS = NO;
				ENABLE_STRICT_OBJC_MSGSEND = YES;
				GCC_C_LANGUAGE_STANDARD = gnu99;
				GCC_NO_COMMON_BLOCKS = YES;
				GCC_WARN_64_TO_32_BIT_CONVERSION = YES;
				GCC_WARN_ABOUT_RETURN_TYPE = YES_ERROR;
				GCC_WARN_UNDECLARED_SELECTOR = YES;
				GCC_WARN_UNINITIALIZED_AUTOS = YES_AGGRESSIVE;
				GCC_WARN_UNUSED_FUNCTION = YES;
				GCC_WARN_UNUSED_VARIABLE = YES;
				IPHONEOS_DEPLOYMENT_TARGET = 10.3;
				MTL_ENABLE_DEBUG_INFO = NO;
				SDKROOT = iphoneos;
				SWIFT_OPTIMIZATION_LEVEL = "-Owholemodule";
				VALIDATE_PRODUCT = YES;
			};
			name = Release;
		};
		63F6AC8C1EEFC81A0016D78E /* Debug */ = {
			isa = XCBuildConfiguration;
			buildSettings = {
				ASSETCATALOG_COMPILER_APPICON_NAME = AppIcon;
				DEVELOPMENT_TEAM = RL8J62A42V;
				INFOPLIST_FILE = ProtocolsAndDelegates/Info.plist;
				LD_RUNPATH_SEARCH_PATHS = "$(inherited) @executable_path/Frameworks";
				PRODUCT_BUNDLE_IDENTIFIER = com.metacube.ProtocolsAndDelegates;
				PRODUCT_NAME = "$(TARGET_NAME)";
				SWIFT_VERSION = 3.0;
			};
			name = Debug;
		};
		63F6AC8D1EEFC81A0016D78E /* Release */ = {
			isa = XCBuildConfiguration;
			buildSettings = {
				ASSETCATALOG_COMPILER_APPICON_NAME = AppIcon;
				DEVELOPMENT_TEAM = RL8J62A42V;
				INFOPLIST_FILE = ProtocolsAndDelegates/Info.plist;
				LD_RUNPATH_SEARCH_PATHS = "$(inherited) @executable_path/Frameworks";
				PRODUCT_BUNDLE_IDENTIFIER = com.metacube.ProtocolsAndDelegates;
				PRODUCT_NAME = "$(TARGET_NAME)";
				SWIFT_VERSION = 3.0;
			};
			name = Release;
		};
/* End XCBuildConfiguration section */

/* Begin XCConfigurationList section */
		63F6AC711EEFC8190016D78E /* Build configuration list for PBXProject "ProtocolsAndDelegates" */ = {
			isa = XCConfigurationList;
			buildConfigurations = (
				63F6AC891EEFC81A0016D78E /* Debug */,
				63F6AC8A1EEFC81A0016D78E /* Release */,
			);
			defaultConfigurationIsVisible = 0;
			defaultConfigurationName = Release;
		};
		63F6AC8B1EEFC81A0016D78E /* Build configuration list for PBXNativeTarget "ProtocolsAndDelegates" */ = {
			isa = XCConfigurationList;
			buildConfigurations = (
				63F6AC8C1EEFC81A0016D78E /* Debug */,
				63F6AC8D1EEFC81A0016D78E /* Release */,
			);
			defaultConfigurationIsVisible = 0;
			defaultConfigurationName = Release;
		};
/* End XCConfigurationList section */

/* Begin XCVersionGroup section */
		63F6AC801EEFC81A0016D78E /* ProtocolsAndDelegates.xcdatamodeld */ = {
			isa = XCVersionGroup;
			children = (
				63F6AC811EEFC81A0016D78E /* ProtocolsAndDelegates.xcdatamodel */,
			);
			currentVersion = 63F6AC811EEFC81A0016D78E /* ProtocolsAndDelegates.xcdatamodel */;
			path = ProtocolsAndDelegates.xcdatamodeld;
			sourceTree = "<group>";
			versionGroupType = wrapper.xcdatamodel;
		};
/* End XCVersionGroup section */
	};
	rootObject = 63F6AC6E1EEFC8190016D78E /* Project object */;
}
